// !$*UTF8*$!
{
	archiveVersion = 1;
	classes = {
	};
	objectVersion = 55;
	objects = {

/* Begin PBXBuildFile section */
		E893C3B5270A4AC8009873E5 /* AppDelegate.swift in Sources */ = {isa = PBXBuildFile; fileRef = E893C3B4270A4AC8009873E5 /* AppDelegate.swift */; };
		E893C3B7270A4AC8009873E5 /* SceneDelegate.swift in Sources */ = {isa = PBXBuildFile; fileRef = E893C3B6270A4AC8009873E5 /* SceneDelegate.swift */; };
		E893C3B9270A4AC8009873E5 /* ViewController.swift in Sources */ = {isa = PBXBuildFile; fileRef = E893C3B8270A4AC8009873E5 /* ViewController.swift */; };
		E893C3BC270A4AC8009873E5 /* Main.storyboard in Resources */ = {isa = PBXBuildFile; fileRef = E893C3BA270A4AC8009873E5 /* Main.storyboard */; };
		E893C3BE270A4ACB009873E5 /* Assets.xcassets in Resources */ = {isa = PBXBuildFile; fileRef = E893C3BD270A4ACB009873E5 /* Assets.xcassets */; };
		E893C3C1270A4ACB009873E5 /* LaunchScreen.storyboard in Resources */ = {isa = PBXBuildFile; fileRef = E893C3BF270A4ACB009873E5 /* LaunchScreen.storyboard */; };
		E893C3C9270A8FB5009873E5 /* Note.swift in Sources */ = {isa = PBXBuildFile; fileRef = E893C3C8270A8FB5009873E5 /* Note.swift */; };
		E893C3CB270A9000009873E5 /* Notes.swift in Sources */ = {isa = PBXBuildFile; fileRef = E893C3CA270A9000009873E5 /* Notes.swift */; };
		E893C3CD270A9215009873E5 /* DetailViewController.swift in Sources */ = {isa = PBXBuildFile; fileRef = E893C3CC270A9215009873E5 /* DetailViewController.swift */; };
/* End PBXBuildFile section */

/* Begin PBXFileReference section */
		E893C3B1270A4AC8009873E5 /* Milestone-19-21.app */ = {isa = PBXFileReference; explicitFileType = wrapper.application; includeInIndex = 0; path = "Milestone-19-21.app"; sourceTree = BUILT_PRODUCTS_DIR; };
		E893C3B4270A4AC8009873E5 /* AppDelegate.swift */ = {isa = PBXFileReference; lastKnownFileType = sourcecode.swift; path = AppDelegate.swift; sourceTree = "<group>"; };
		E893C3B6270A4AC8009873E5 /* SceneDelegate.swift */ = {isa = PBXFileReference; lastKnownFileType = sourcecode.swift; path = SceneDelegate.swift; sourceTree = "<group>"; };
		E893C3B8270A4AC8009873E5 /* ViewController.swift */ = {isa = PBXFileReference; lastKnownFileType = sourcecode.swift; path = ViewController.swift; sourceTree = "<group>"; };
		E893C3BB270A4AC8009873E5 /* Base */ = {isa = PBXFileReference; lastKnownFileType = file.storyboard; name = Base; path = Base.lproj/Main.storyboard; sourceTree = "<group>"; };
		E893C3BD270A4ACB009873E5 /* Assets.xcassets */ = {isa = PBXFileReference; lastKnownFileType = folder.assetcatalog; path = Assets.xcassets; sourceTree = "<group>"; };
		E893C3C0270A4ACB009873E5 /* Base */ = {isa = PBXFileReference; lastKnownFileType = file.storyboard; name = Base; path = Base.lproj/LaunchScreen.storyboard; sourceTree = "<group>"; };
		E893C3C2270A4ACB009873E5 /* Info.plist */ = {isa = PBXFileReference; lastKnownFileType = text.plist.xml; path = Info.plist; sourceTree = "<group>"; };
		E893C3C8270A8FB5009873E5 /* Note.swift */ = {isa = PBXFileReference; lastKnownFileType = sourcecode.swift; path = Note.swift; sourceTree = "<group>"; };
		E893C3CA270A9000009873E5 /* Notes.swift */ = {isa = PBXFileReference; lastKnownFileType = sourcecode.swift; path = Notes.swift; sourceTree = "<group>"; };
		E893C3CC270A9215009873E5 /* DetailViewController.swift */ = {isa = PBXFileReference; lastKnownFileType = sourcecode.swift; path = DetailViewController.swift; sourceTree = "<group>"; };
/* End PBXFileReference section */

/* Begin PBXFrameworksBuildPhase section */
		E893C3AE270A4AC8009873E5 /* Frameworks */ = {
			isa = PBXFrameworksBuildPhase;
			buildActionMask = 2147483647;
			files = (
			);
			runOnlyForDeploymentPostprocessing = 0;
		};
/* End PBXFrameworksBuildPhase section */

/* Begin PBXGroup section */
		E893C3A8270A4AC8009873E5 = {
			isa = PBXGroup;
			children = (
				E893C3B3270A4AC8009873E5 /* Milestone-19-21 */,
				E893C3B2270A4AC8009873E5 /* Products */,
			);
			sourceTree = "<group>";
		};
		E893C3B2270A4AC8009873E5 /* Products */ = {
			isa = PBXGroup;
			children = (
				E893C3B1270A4AC8009873E5 /* Milestone-19-21.app */,
			);
			name = Products;
			sourceTree = "<group>";
		};
		E893C3B3270A4AC8009873E5 /* Milestone-19-21 */ = {
			isa = PBXGroup;
			children = (
				E893C3B4270A4AC8009873E5 /* AppDelegate.swift */,
				E893C3B6270A4AC8009873E5 /* SceneDelegate.swift */,
				E893C3B8270A4AC8009873E5 /* ViewController.swift */,
				E893C3C8270A8FB5009873E5 /* Note.swift */,
				E893C3CA270A9000009873E5 /* Notes.swift */,
				E893C3BA270A4AC8009873E5 /* Main.storyboard */,
				E893C3CC270A9215009873E5 /* DetailViewController.swift */,
				E893C3BD270A4ACB009873E5 /* Assets.xcassets */,
				E893C3BF270A4ACB009873E5 /* LaunchScreen.storyboard */,
				E893C3C2270A4ACB009873E5 /* Info.plist */,
			);
			path = "Milestone-19-21";
			sourceTree = "<group>";
		};
/* End PBXGroup section */

/* Begin PBXNativeTarget section */
		E893C3B0270A4AC8009873E5 /* Milestone-19-21 */ = {
			isa = PBXNativeTarget;
			buildConfigurationList = E893C3C5270A4ACB009873E5 /* Build configuration list for PBXNativeTarget "Milestone-19-21" */;
			buildPhases = (
				E893C3AD270A4AC8009873E5 /* Sources */,
				E893C3AE270A4AC8009873E5 /* Frameworks */,
				E893C3AF270A4AC8009873E5 /* Resources */,
			);
			buildRules = (
			);
			dependencies = (
			);
			name = "Milestone-19-21";
			productName = "Milestone-19-21";
			productReference = E893C3B1270A4AC8009873E5 /* Milestone-19-21.app */;
			productType = "com.apple.product-type.application";
		};
/* End PBXNativeTarget section */

/* Begin PBXProject section */
		E893C3A9270A4AC8009873E5 /* Project object */ = {
			isa = PBXProject;
			attributes = {
				BuildIndependentTargetsInParallel = 1;
				LastSwiftUpdateCheck = 1300;
				LastUpgradeCheck = 1300;
				TargetAttributes = {
					E893C3B0270A4AC8009873E5 = {
						CreatedOnToolsVersion = 13.0;
					};
				};
			};
			buildConfigurationList = E893C3AC270A4AC8009873E5 /* Build configuration list for PBXProject "Milestone-19-21" */;
			compatibilityVersion = "Xcode 13.0";
			developmentRegion = en;
			hasScannedForEncodings = 0;
			knownRegions = (
				en,
				Base,
			);
			mainGroup = E893C3A8270A4AC8009873E5;
			productRefGroup = E893C3B2270A4AC8009873E5 /* Products */;
			projectDirPath = "";
			projectRoot = "";
			targets = (
				E893C3B0270A4AC8009873E5 /* Milestone-19-21 */,
			);
		};
/* End PBXProject section */

/* Begin PBXResourcesBuildPhase section */
		E893C3AF270A4AC8009873E5 /* Resources */ = {
			isa = PBXResourcesBuildPhase;
			buildActionMask = 2147483647;
			files = (
				E893C3C1270A4ACB009873E5 /* LaunchScreen.storyboard in Resources */,
				E893C3BE270A4ACB009873E5 /* Assets.xcassets in Resources */,
				E893C3BC270A4AC8009873E5 /* Main.storyboard in Resources */,
			);
			runOnlyForDeploymentPostprocessing = 0;
		};
/* End PBXResourcesBuildPhase section */

/* Begin PBXSourcesBuildPhase section */
		E893C3AD270A4AC8009873E5 /* Sources */ = {
			isa = PBXSourcesBuildPhase;
			buildActionMask = 2147483647;
			files = (
				E893C3B9270A4AC8009873E5 /* ViewController.swift in Sources */,
				E893C3CB270A9000009873E5 /* Notes.swift in Sources */,
				E893C3B5270A4AC8009873E5 /* AppDelegate.swift in Sources */,
				E893C3CD270A9215009873E5 /* DetailViewController.swift in Sources */,
				E893C3B7270A4AC8009873E5 /* SceneDelegate.swift in Sources */,
				E893C3C9270A8FB5009873E5 /* Note.swift in Sources */,
			);
			runOnlyForDeploymentPostprocessing = 0;
		};
/* End PBXSourcesBuildPhase section */

/* Begin PBXVariantGroup section */
		E893C3BA270A4AC8009873E5 /* Main.storyboard */ = {
			isa = PBXVariantGroup;
			children = (
				E893C3BB270A4AC8009873E5 /* Base */,
			);
			name = Main.storyboard;
			sourceTree = "<group>";
		};
		E893C3BF270A4ACB009873E5 /* LaunchScreen.storyboard */ = {
			isa = PBXVariantGroup;
			children = (
				E893C3C0270A4ACB009873E5 /* Base */,
			);
			name = LaunchScreen.storyboard;
			sourceTree = "<group>";
		};
/* End PBXVariantGroup section */

/* Begin XCBuildConfiguration section */
		E893C3C3270A4ACB009873E5 /* Debug */ = {
			isa = XCBuildConfiguration;
			buildSettings = {
				ALWAYS_SEARCH_USER_PATHS = NO;
				CLANG_ANALYZER_NONNULL = YES;
				CLANG_ANALYZER_NUMBER_OBJECT_CONVERSION = YES_AGGRESSIVE;
				CLANG_CXX_LANGUAGE_STANDARD = "gnu++17";
				CLANG_CXX_LIBRARY = "libc++";
				CLANG_ENABLE_MODULES = YES;
				CLANG_ENABLE_OBJC_ARC = YES;
				CLANG_ENABLE_OBJC_WEAK = YES;
				CLANG_WARN_BLOCK_CAPTURE_AUTORELEASING = YES;
				CLANG_WARN_BOOL_CONVERSION = YES;
				CLANG_WARN_COMMA = YES;
				CLANG_WARN_CONSTANT_CONVERSION = YES;
				CLANG_WARN_DEPRECATED_OBJC_IMPLEMENTATIONS = YES;
				CLANG_WARN_DIRECT_OBJC_ISA_USAGE = YES_ERROR;
				CLANG_WARN_DOCUMENTATION_COMMENTS = YES;
				CLANG_WARN_EMPTY_BODY = YES;
				CLANG_WARN_ENUM_CONVERSION = YES;
				CLANG_WARN_INFINITE_RECURSION = YES;
				CLANG_WARN_INT_CONVERSION = YES;
				CLANG_WARN_NON_LITERAL_NULL_CONVERSION = YES;
				CLANG_WARN_OBJC_IMPLICIT_RETAIN_SELF = YES;
				CLANG_WARN_OBJC_LITERAL_CONVERSION = YES;
				CLANG_WARN_OBJC_ROOT_CLASS = YES_ERROR;
				CLANG_WARN_QUOTED_INCLUDE_IN_FRAMEWORK_HEADER = YES;
				CLANG_WARN_RANGE_LOOP_ANALYSIS = YES;
				CLANG_WARN_STRICT_PROTOTYPES = YES;
				CLANG_WARN_SUSPICIOUS_MOVE = YES;
				CLANG_WARN_UNGUARDED_AVAILABILITY = YES_AGGRESSIVE;
				CLANG_WARN_UNREACHABLE_CODE = YES;
				CLANG_WARN__DUPLICATE_METHOD_MATCH = YES;
				COPY_PHASE_STRIP = NO;
				DEBUG_INFORMATION_FORMAT = dwarf;
				ENABLE_STRICT_OBJC_MSGSEND = YES;
				ENABLE_TESTABILITY = YES;
				GCC_C_LANGUAGE_STANDARD = gnu11;
				GCC_DYNAMIC_NO_PIC = NO;
				GCC_NO_COMMON_BLOCKS = YES;
				GCC_OPTIMIZATION_LEVEL = 0;
				GCC_PREPROCESSOR_DEFINITIONS = (
					"DEBUG=1",
					"$(inherited)",
				);
				GCC_WARN_64_TO_32_BIT_CONVERSION = YES;
				GCC_WARN_ABOUT_RETURN_TYPE = YES_ERROR;
				GCC_WARN_UNDECLARED_SELECTOR = YES;
				GCC_WARN_UNINITIALIZED_AUTOS = YES_AGGRESSIVE;
				GCC_WARN_UNUSED_FUNCTION = YES;
				GCC_WARN_UNUSED_VARIABLE = YES;
				IPHONEOS_DEPLOYMENT_TARGET = 15.0;
				MTL_ENABLE_DEBUG_INFO = INCLUDE_SOURCE;
				MTL_FAST_MATH = YES;
				ONLY_ACTIVE_ARCH = YES;
				SDKROOT = iphoneos;
				SWIFT_ACTIVE_COMPILATION_CONDITIONS = DEBUG;
				SWIFT_OPTIMIZATION_LEVEL = "-Onone";
			};
			name = Debug;
		};
		E893C3C4270A4ACB009873E5 /* Release */ = {
			isa = XCBuildConfiguration;
			buildSettings = {
				ALWAYS_SEARCH_USER_PATHS = NO;
				CLANG_ANALYZER_NONNULL = YES;
				CLANG_ANALYZER_NUMBER_OBJECT_CONVERSION = YES_AGGRESSIVE;
				CLANG_CXX_LANGUAGE_STANDARD = "gnu++17";
				CLANG_CXX_LIBRARY = "libc++";
				CLANG_ENABLE_MODULES = YES;
				CLANG_ENABLE_OBJC_ARC = YES;
				CLANG_ENABLE_OBJC_WEAK = YES;
				CLANG_WARN_BLOCK_CAPTURE_AUTORELEASING = YES;
				CLANG_WARN_BOOL_CONVERSION = YES;
				CLANG_WARN_COMMA = YES;
				CLANG_WARN_CONSTANT_CONVERSION = YES;
				CLANG_WARN_DEPRECATED_OBJC_IMPLEMENTATIONS = YES;
				CLANG_WARN_DIRECT_OBJC_ISA_USAGE = YES_ERROR;
				CLANG_WARN_DOCUMENTATION_COMMENTS = YES;
				CLANG_WARN_EMPTY_BODY = YES;
				CLANG_WARN_ENUM_CONVERSION = YES;
				CLANG_WARN_INFINITE_RECURSION = YES;
				CLANG_WARN_INT_CONVERSION = YES;
				CLANG_WARN_NON_LITERAL_NULL_CONVERSION = YES;
				CLANG_WARN_OBJC_IMPLICIT_RETAIN_SELF = YES;
				CLANG_WARN_OBJC_LITERAL_CONVERSION = YES;
				CLANG_WARN_OBJC_ROOT_CLASS = YES_ERROR;
				CLANG_WARN_QUOTED_INCLUDE_IN_FRAMEWORK_HEADER = YES;
				CLANG_WARN_RANGE_LOOP_ANALYSIS = YES;
				CLANG_WARN_STRICT_PROTOTYPES = YES;
				CLANG_WARN_SUSPICIOUS_MOVE = YES;
				CLANG_WARN_UNGUARDED_AVAILABILITY = YES_AGGRESSIVE;
				CLANG_WARN_UNREACHABLE_CODE = YES;
				CLANG_WARN__DUPLICATE_METHOD_MATCH = YES;
				COPY_PHASE_STRIP = NO;
				DEBUG_INFORMATION_FORMAT = "dwarf-with-dsym";
				ENABLE_NS_ASSERTIONS = NO;
				ENABLE_STRICT_OBJC_MSGSEND = YES;
				GCC_C_LANGUAGE_STANDARD = gnu11;
				GCC_NO_COMMON_BLOCKS = YES;
				GCC_WARN_64_TO_32_BIT_CONVERSION = YES;
				GCC_WARN_ABOUT_RETURN_TYPE = YES_ERROR;
				GCC_WARN_UNDECLARED_SELECTOR = YES;
				GCC_WARN_UNINITIALIZED_AUTOS = YES_AGGRESSIVE;
				GCC_WARN_UNUSED_FUNCTION = YES;
				GCC_WARN_UNUSED_VARIABLE = YES;
				IPHONEOS_DEPLOYMENT_TARGET = 15.0;
				MTL_ENABLE_DEBUG_INFO = NO;
				MTL_FAST_MATH = YES;
				SDKROOT = iphoneos;
				SWIFT_COMPILATION_MODE = wholemodule;
				SWIFT_OPTIMIZATION_LEVEL = "-O";
				VALIDATE_PRODUCT = YES;
			};
			name = Release;
		};
		E893C3C6270A4ACB009873E5 /* Debug */ = {
			isa = XCBuildConfiguration;
			buildSettings = {
				ASSETCATALOG_COMPILER_APPICON_NAME = AppIcon;
				ASSETCATALOG_COMPILER_GLOBAL_ACCENT_COLOR_NAME = AccentColor;
				CODE_SIGN_STYLE = Automatic;
				CURRENT_PROJECT_VERSION = 1;
				DEVELOPMENT_TEAM = N5WF5ZGHK4;
				GENERATE_INFOPLIST_FILE = YES;
				INFOPLIST_FILE = "Milestone-19-21/Info.plist";
				INFOPLIST_KEY_UIApplicationSupportsIndirectInputEvents = YES;
				INFOPLIST_KEY_UILaunchStoryboardName = LaunchScreen;
				INFOPLIST_KEY_UIMainStoryboardFile = Main;
				INFOPLIST_KEY_UISupportedInterfaceOrientations_iPad = "UIInterfaceOrientationPortrait UIInterfaceOrientationPortraitUpsideDown UIInterfaceOrientationLandscapeLeft UIInterfaceOrientationLandscapeRight";
				INFOPLIST_KEY_UISupportedInterfaceOrientations_iPhone = "UIInterfaceOrientationPortrait UIInterfaceOrientationLandscapeLeft UIInterfaceOrientationLandscapeRight";
				LD_RUNPATH_SEARCH_PATHS = (
					"$(inherited)",
					"@executable_path/Frameworks",
				);
				MARKETING_VERSION = 1.0;
				PRODUCT_BUNDLE_IDENTIFIER = "br.com.Milestone-19-21";
				PRODUCT_NAME = "$(TARGET_NAME)";
				SWIFT_EMIT_LOC_STRINGS = YES;
				SWIFT_VERSION = 5.0;
				TARGETED_DEVICE_FAMILY = "1,2";
			};
			name = Debug;
		};
		E893C3C7270A4ACB009873E5 /* Release */ = {
			isa = XCBuildConfiguration;
			buildSettings = {
				ASSETCATALOG_COMPILER_APPICON_NAME = AppIcon;
				ASSETCATALOG_COMPILER_GLOBAL_ACCENT_COLOR_NAME = AccentColor;
				CODE_SIGN_STYLE = Automatic;
				CURRENT_PROJECT_VERSION = 1;
				DEVELOPMENT_TEAM = N5WF5ZGHK4;
				GENERATE_INFOPLIST_FILE = YES;
				INFOPLIST_FILE = "Milestone-19-21/Info.plist";
				INFOPLIST_KEY_UIApplicationSupportsIndirectInputEvents = YES;
				INFOPLIST_KEY_UILaunchStoryboardName = LaunchScreen;
				INFOPLIST_KEY_UIMainStoryboardFile = Main;
				INFOPLIST_KEY_UISupportedInterfaceOrientations_iPad = "UIInterfaceOrientationPortrait UIInterfaceOrientationPortraitUpsideDown UIInterfaceOrientationLandscapeLeft UIInterfaceOrientationLandscapeRight";
				INFOPLIST_KEY_UISupportedInterfaceOrientations_iPhone = "UIInterfaceOrientationPortrait UIInterfaceOrientationLandscapeLeft UIInterfaceOrientationLandscapeRight";
				LD_RUNPATH_SEARCH_PATHS = (
					"$(inherited)",
					"@executable_path/Frameworks",
				);
				MARKETING_VERSION = 1.0;
				PRODUCT_BUNDLE_IDENTIFIER = "br.com.Milestone-19-21";
				PRODUCT_NAME = "$(TARGET_NAME)";
				SWIFT_EMIT_LOC_STRINGS = YES;
				SWIFT_VERSION = 5.0;
				TARGETED_DEVICE_FAMILY = "1,2";
			};
			name = Release;
		};
/* End XCBuildConfiguration section */

/* Begin XCConfigurationList section */
		E893C3AC270A4AC8009873E5 /* Build configuration list for PBXProject "Milestone-19-21" */ = {
			isa = XCConfigurationList;
			buildConfigurations = (
				E893C3C3270A4ACB009873E5 /* Debug */,
				E893C3C4270A4ACB009873E5 /* Release */,
			);
			defaultConfigurationIsVisible = 0;
			defaultConfigurationName = Release;
		};
		E893C3C5270A4ACB009873E5 /* Build configuration list for PBXNativeTarget "Milestone-19-21" */ = {
			isa = XCConfigurationList;
			buildConfigurations = (
				E893C3C6270A4ACB009873E5 /* Debug */,
				E893C3C7270A4ACB009873E5 /* Release */,
			);
			defaultConfigurationIsVisible = 0;
			defaultConfigurationName = Release;
		};
/* End XCConfigurationList section */
	};
	rootObject = E893C3A9270A4AC8009873E5 /* Project object */;
}
