// !$*UTF8*$!
{
	archiveVersion = 1;
	classes = {
	};
	objectVersion = 50;
	objects = {

/* Begin PBXBuildFile section */
		E86EE45A26C70D2600439780 /* AppDelegate.swift in Sources */ = {isa = PBXBuildFile; fileRef = E86EE45926C70D2600439780 /* AppDelegate.swift */; };
		E86EE45C26C70D2600439780 /* SceneDelegate.swift in Sources */ = {isa = PBXBuildFile; fileRef = E86EE45B26C70D2600439780 /* SceneDelegate.swift */; };
		E86EE45E26C70D2600439780 /* ViewController.swift in Sources */ = {isa = PBXBuildFile; fileRef = E86EE45D26C70D2600439780 /* ViewController.swift */; };
		E86EE46126C70D2600439780 /* Main.storyboard in Resources */ = {isa = PBXBuildFile; fileRef = E86EE45F26C70D2600439780 /* Main.storyboard */; };
		E86EE46326C70D2900439780 /* Assets.xcassets in Resources */ = {isa = PBXBuildFile; fileRef = E86EE46226C70D2900439780 /* Assets.xcassets */; };
		E86EE46626C70D2900439780 /* LaunchScreen.storyboard in Resources */ = {isa = PBXBuildFile; fileRef = E86EE46426C70D2900439780 /* LaunchScreen.storyboard */; };
		E86EE48326C7179100439780 /* DetailViewController.swift in Sources */ = {isa = PBXBuildFile; fileRef = E86EE48226C7179100439780 /* DetailViewController.swift */; };
		E86EE4EE26C9C32A00439780 /* poland@3x.png in Resources */ = {isa = PBXBuildFile; fileRef = E86EE4E226C9C32900439780 /* poland@3x.png */; };
		E86EE4EF26C9C32A00439780 /* ireland@3x.png in Resources */ = {isa = PBXBuildFile; fileRef = E86EE4E326C9C32900439780 /* ireland@3x.png */; };
		E86EE4F026C9C32A00439780 /* nigeria@3x.png in Resources */ = {isa = PBXBuildFile; fileRef = E86EE4E426C9C32900439780 /* nigeria@3x.png */; };
		E86EE4F126C9C32A00439780 /* russia@3x.png in Resources */ = {isa = PBXBuildFile; fileRef = E86EE4E526C9C32900439780 /* russia@3x.png */; };
		E86EE4F226C9C32A00439780 /* spain@3x.png in Resources */ = {isa = PBXBuildFile; fileRef = E86EE4E626C9C32900439780 /* spain@3x.png */; };
		E86EE4F326C9C32A00439780 /* france@3x.png in Resources */ = {isa = PBXBuildFile; fileRef = E86EE4E726C9C32900439780 /* france@3x.png */; };
		E86EE4F426C9C32A00439780 /* uk@3x.png in Resources */ = {isa = PBXBuildFile; fileRef = E86EE4E826C9C32900439780 /* uk@3x.png */; };
		E86EE4F526C9C32A00439780 /* us@3x.png in Resources */ = {isa = PBXBuildFile; fileRef = E86EE4E926C9C32A00439780 /* us@3x.png */; };
		E86EE4F626C9C32A00439780 /* estonia@3x.png in Resources */ = {isa = PBXBuildFile; fileRef = E86EE4EA26C9C32A00439780 /* estonia@3x.png */; };
		E86EE4F726C9C32A00439780 /* italy@3x.png in Resources */ = {isa = PBXBuildFile; fileRef = E86EE4EB26C9C32A00439780 /* italy@3x.png */; };
		E86EE4F826C9C32A00439780 /* germany@3x.png in Resources */ = {isa = PBXBuildFile; fileRef = E86EE4EC26C9C32A00439780 /* germany@3x.png */; };
		E86EE4F926C9C32A00439780 /* monaco@3x.png in Resources */ = {isa = PBXBuildFile; fileRef = E86EE4ED26C9C32A00439780 /* monaco@3x.png */; };
/* End PBXBuildFile section */

/* Begin PBXFileReference section */
		E86EE45626C70D2600439780 /* ChallengeProject4.app */ = {isa = PBXFileReference; explicitFileType = wrapper.application; includeInIndex = 0; path = ChallengeProject4.app; sourceTree = BUILT_PRODUCTS_DIR; };
		E86EE45926C70D2600439780 /* AppDelegate.swift */ = {isa = PBXFileReference; lastKnownFileType = sourcecode.swift; path = AppDelegate.swift; sourceTree = "<group>"; };
		E86EE45B26C70D2600439780 /* SceneDelegate.swift */ = {isa = PBXFileReference; lastKnownFileType = sourcecode.swift; path = SceneDelegate.swift; sourceTree = "<group>"; };
		E86EE45D26C70D2600439780 /* ViewController.swift */ = {isa = PBXFileReference; lastKnownFileType = sourcecode.swift; path = ViewController.swift; sourceTree = "<group>"; };
		E86EE46026C70D2600439780 /* Base */ = {isa = PBXFileReference; lastKnownFileType = file.storyboard; name = Base; path = Base.lproj/Main.storyboard; sourceTree = "<group>"; };
		E86EE46226C70D2900439780 /* Assets.xcassets */ = {isa = PBXFileReference; lastKnownFileType = folder.assetcatalog; path = Assets.xcassets; sourceTree = "<group>"; };
		E86EE46526C70D2900439780 /* Base */ = {isa = PBXFileReference; lastKnownFileType = file.storyboard; name = Base; path = Base.lproj/LaunchScreen.storyboard; sourceTree = "<group>"; };
		E86EE46726C70D2900439780 /* Info.plist */ = {isa = PBXFileReference; lastKnownFileType = text.plist.xml; path = Info.plist; sourceTree = "<group>"; };
		E86EE48226C7179100439780 /* DetailViewController.swift */ = {isa = PBXFileReference; lastKnownFileType = sourcecode.swift; path = DetailViewController.swift; sourceTree = "<group>"; };
		E86EE4E226C9C32900439780 /* poland@3x.png */ = {isa = PBXFileReference; lastKnownFileType = image.png; path = "poland@3x.png"; sourceTree = "<group>"; };
		E86EE4E326C9C32900439780 /* ireland@3x.png */ = {isa = PBXFileReference; lastKnownFileType = image.png; path = "ireland@3x.png"; sourceTree = "<group>"; };
		E86EE4E426C9C32900439780 /* nigeria@3x.png */ = {isa = PBXFileReference; lastKnownFileType = image.png; path = "nigeria@3x.png"; sourceTree = "<group>"; };
		E86EE4E526C9C32900439780 /* russia@3x.png */ = {isa = PBXFileReference; lastKnownFileType = image.png; path = "russia@3x.png"; sourceTree = "<group>"; };
		E86EE4E626C9C32900439780 /* spain@3x.png */ = {isa = PBXFileReference; lastKnownFileType = image.png; path = "spain@3x.png"; sourceTree = "<group>"; };
		E86EE4E726C9C32900439780 /* france@3x.png */ = {isa = PBXFileReference; lastKnownFileType = image.png; path = "france@3x.png"; sourceTree = "<group>"; };
		E86EE4E826C9C32900439780 /* uk@3x.png */ = {isa = PBXFileReference; lastKnownFileType = image.png; path = "uk@3x.png"; sourceTree = "<group>"; };
		E86EE4E926C9C32A00439780 /* us@3x.png */ = {isa = PBXFileReference; lastKnownFileType = image.png; path = "us@3x.png"; sourceTree = "<group>"; };
		E86EE4EA26C9C32A00439780 /* estonia@3x.png */ = {isa = PBXFileReference; lastKnownFileType = image.png; path = "estonia@3x.png"; sourceTree = "<group>"; };
		E86EE4EB26C9C32A00439780 /* italy@3x.png */ = {isa = PBXFileReference; lastKnownFileType = image.png; path = "italy@3x.png"; sourceTree = "<group>"; };
		E86EE4EC26C9C32A00439780 /* germany@3x.png */ = {isa = PBXFileReference; lastKnownFileType = image.png; path = "germany@3x.png"; sourceTree = "<group>"; };
		E86EE4ED26C9C32A00439780 /* monaco@3x.png */ = {isa = PBXFileReference; lastKnownFileType = image.png; path = "monaco@3x.png"; sourceTree = "<group>"; };
/* End PBXFileReference section */

/* Begin PBXFrameworksBuildPhase section */
		E86EE45326C70D2600439780 /* Frameworks */ = {
			isa = PBXFrameworksBuildPhase;
			buildActionMask = 2147483647;
			files = (
			);
			runOnlyForDeploymentPostprocessing = 0;
		};
/* End PBXFrameworksBuildPhase section */

/* Begin PBXGroup section */
		E86EE44D26C70D2600439780 = {
			isa = PBXGroup;
			children = (
				E86EE45826C70D2600439780 /* ChallengeProject4 */,
				E86EE45726C70D2600439780 /* Products */,
			);
			sourceTree = "<group>";
		};
		E86EE45726C70D2600439780 /* Products */ = {
			isa = PBXGroup;
			children = (
				E86EE45626C70D2600439780 /* ChallengeProject4.app */,
			);
			name = Products;
			sourceTree = "<group>";
		};
		E86EE45826C70D2600439780 /* ChallengeProject4 */ = {
			isa = PBXGroup;
			children = (
				E86EE45926C70D2600439780 /* AppDelegate.swift */,
				E86EE45B26C70D2600439780 /* SceneDelegate.swift */,
				E86EE45D26C70D2600439780 /* ViewController.swift */,
				E86EE45F26C70D2600439780 /* Main.storyboard */,
				E86EE48226C7179100439780 /* DetailViewController.swift */,
				E86EE46226C70D2900439780 /* Assets.xcassets */,
				E86EE46426C70D2900439780 /* LaunchScreen.storyboard */,
				E86EE46726C70D2900439780 /* Info.plist */,
				E86EE46D26C70E9400439780 /* Content */,
			);
			path = ChallengeProject4;
			sourceTree = "<group>";
		};
		E86EE46D26C70E9400439780 /* Content */ = {
			isa = PBXGroup;
			children = (
				E86EE4EA26C9C32A00439780 /* estonia@3x.png */,
				E86EE4E726C9C32900439780 /* france@3x.png */,
				E86EE4EC26C9C32A00439780 /* germany@3x.png */,
				E86EE4E326C9C32900439780 /* ireland@3x.png */,
				E86EE4EB26C9C32A00439780 /* italy@3x.png */,
				E86EE4ED26C9C32A00439780 /* monaco@3x.png */,
				E86EE4E426C9C32900439780 /* nigeria@3x.png */,
				E86EE4E226C9C32900439780 /* poland@3x.png */,
				E86EE4E526C9C32900439780 /* russia@3x.png */,
				E86EE4E626C9C32900439780 /* spain@3x.png */,
				E86EE4E826C9C32900439780 /* uk@3x.png */,
				E86EE4E926C9C32A00439780 /* us@3x.png */,
			);
			name = Content;
			path = ../../Project3/Project1/Content;
			sourceTree = "<group>";
		};
/* End PBXGroup section */

/* Begin PBXNativeTarget section */
		E86EE45526C70D2600439780 /* ChallengeProject4 */ = {
			isa = PBXNativeTarget;
			buildConfigurationList = E86EE46A26C70D2900439780 /* Build configuration list for PBXNativeTarget "ChallengeProject4" */;
			buildPhases = (
				E86EE45226C70D2600439780 /* Sources */,
				E86EE45326C70D2600439780 /* Frameworks */,
				E86EE45426C70D2600439780 /* Resources */,
			);
			buildRules = (
			);
			dependencies = (
			);
			name = ChallengeProject4;
			productName = ChallengeProject4;
			productReference = E86EE45626C70D2600439780 /* ChallengeProject4.app */;
			productType = "com.apple.product-type.application";
		};
/* End PBXNativeTarget section */

/* Begin PBXProject section */
		E86EE44E26C70D2600439780 /* Project object */ = {
			isa = PBXProject;
			attributes = {
				LastSwiftUpdateCheck = 1250;
				LastUpgradeCheck = 1250;
				TargetAttributes = {
					E86EE45526C70D2600439780 = {
						CreatedOnToolsVersion = 12.5.1;
					};
				};
			};
			buildConfigurationList = E86EE45126C70D2600439780 /* Build configuration list for PBXProject "ChallengeProject4" */;
			compatibilityVersion = "Xcode 9.3";
			developmentRegion = en;
			hasScannedForEncodings = 0;
			knownRegions = (
				en,
				Base,
			);
			mainGroup = E86EE44D26C70D2600439780;
			productRefGroup = E86EE45726C70D2600439780 /* Products */;
			projectDirPath = "";
			projectRoot = "";
			targets = (
				E86EE45526C70D2600439780 /* ChallengeProject4 */,
			);
		};
/* End PBXProject section */

/* Begin PBXResourcesBuildPhase section */
		E86EE45426C70D2600439780 /* Resources */ = {
			isa = PBXResourcesBuildPhase;
			buildActionMask = 2147483647;
			files = (
				E86EE4F726C9C32A00439780 /* italy@3x.png in Resources */,
				E86EE46626C70D2900439780 /* LaunchScreen.storyboard in Resources */,
				E86EE46326C70D2900439780 /* Assets.xcassets in Resources */,
				E86EE46126C70D2600439780 /* Main.storyboard in Resources */,
				E86EE4F626C9C32A00439780 /* estonia@3x.png in Resources */,
				E86EE4F926C9C32A00439780 /* monaco@3x.png in Resources */,
				E86EE4EE26C9C32A00439780 /* poland@3x.png in Resources */,
				E86EE4F126C9C32A00439780 /* russia@3x.png in Resources */,
				E86EE4F426C9C32A00439780 /* uk@3x.png in Resources */,
				E86EE4F326C9C32A00439780 /* france@3x.png in Resources */,
				E86EE4F026C9C32A00439780 /* nigeria@3x.png in Resources */,
				E86EE4F526C9C32A00439780 /* us@3x.png in Resources */,
				E86EE4F826C9C32A00439780 /* germany@3x.png in Resources */,
				E86EE4F226C9C32A00439780 /* spain@3x.png in Resources */,
				E86EE4EF26C9C32A00439780 /* ireland@3x.png in Resources */,
			);
			runOnlyForDeploymentPostprocessing = 0;
		};
/* End PBXResourcesBuildPhase section */

/* Begin PBXSourcesBuildPhase section */
		E86EE45226C70D2600439780 /* Sources */ = {
			isa = PBXSourcesBuildPhase;
			buildActionMask = 2147483647;
			files = (
				E86EE45E26C70D2600439780 /* ViewController.swift in Sources */,
				E86EE45A26C70D2600439780 /* AppDelegate.swift in Sources */,
				E86EE45C26C70D2600439780 /* SceneDelegate.swift in Sources */,
				E86EE48326C7179100439780 /* DetailViewController.swift in Sources */,
			);
			runOnlyForDeploymentPostprocessing = 0;
		};
/* End PBXSourcesBuildPhase section */

/* Begin PBXVariantGroup section */
		E86EE45F26C70D2600439780 /* Main.storyboard */ = {
			isa = PBXVariantGroup;
			children = (
				E86EE46026C70D2600439780 /* Base */,
			);
			name = Main.storyboard;
			sourceTree = "<group>";
		};
		E86EE46426C70D2900439780 /* LaunchScreen.storyboard */ = {
			isa = PBXVariantGroup;
			children = (
				E86EE46526C70D2900439780 /* Base */,
			);
			name = LaunchScreen.storyboard;
			sourceTree = "<group>";
		};
/* End PBXVariantGroup section */

/* Begin XCBuildConfiguration section */
		E86EE46826C70D2900439780 /* Debug */ = {
			isa = XCBuildConfiguration;
			buildSettings = {
				ALWAYS_SEARCH_USER_PATHS = NO;
				CLANG_ANALYZER_NONNULL = YES;
				CLANG_ANALYZER_NUMBER_OBJECT_CONVERSION = YES_AGGRESSIVE;
				CLANG_CXX_LANGUAGE_STANDARD = "gnu++14";
				CLANG_CXX_LIBRARY = "libc++";
				CLANG_ENABLE_MODULES = YES;
				CLANG_ENABLE_OBJC_ARC = YES;
				CLANG_ENABLE_OBJC_WEAK = YES;
				CLANG_WARN_BLOCK_CAPTURE_AUTORELEASING = YES;
				CLANG_WARN_BOOL_CONVERSION = YES;
				CLANG_WARN_COMMA = YES;
				CLANG_WARN_CONSTANT_CONVERSION = YES;
				CLANG_WARN_DEPRECATED_OBJC_IMPLEMENTATIONS = YES;
				CLANG_WARN_DIRECT_OBJC_ISA_USAGE = YES_ERROR;
				CLANG_WARN_DOCUMENTATION_COMMENTS = YES;
				CLANG_WARN_EMPTY_BODY = YES;
				CLANG_WARN_ENUM_CONVERSION = YES;
				CLANG_WARN_INFINITE_RECURSION = YES;
				CLANG_WARN_INT_CONVERSION = YES;
				CLANG_WARN_NON_LITERAL_NULL_CONVERSION = YES;
				CLANG_WARN_OBJC_IMPLICIT_RETAIN_SELF = YES;
				CLANG_WARN_OBJC_LITERAL_CONVERSION = YES;
				CLANG_WARN_OBJC_ROOT_CLASS = YES_ERROR;
				CLANG_WARN_QUOTED_INCLUDE_IN_FRAMEWORK_HEADER = YES;
				CLANG_WARN_RANGE_LOOP_ANALYSIS = YES;
				CLANG_WARN_STRICT_PROTOTYPES = YES;
				CLANG_WARN_SUSPICIOUS_MOVE = YES;
				CLANG_WARN_UNGUARDED_AVAILABILITY = YES_AGGRESSIVE;
				CLANG_WARN_UNREACHABLE_CODE = YES;
				CLANG_WARN__DUPLICATE_METHOD_MATCH = YES;
				COPY_PHASE_STRIP = NO;
				DEBUG_INFORMATION_FORMAT = dwarf;
				ENABLE_STRICT_OBJC_MSGSEND = YES;
				ENABLE_TESTABILITY = YES;
				GCC_C_LANGUAGE_STANDARD = gnu11;
				GCC_DYNAMIC_NO_PIC = NO;
				GCC_NO_COMMON_BLOCKS = YES;
				GCC_OPTIMIZATION_LEVEL = 0;
				GCC_PREPROCESSOR_DEFINITIONS = (
					"DEBUG=1",
					"$(inherited)",
				);
				GCC_WARN_64_TO_32_BIT_CONVERSION = YES;
				GCC_WARN_ABOUT_RETURN_TYPE = YES_ERROR;
				GCC_WARN_UNDECLARED_SELECTOR = YES;
				GCC_WARN_UNINITIALIZED_AUTOS = YES_AGGRESSIVE;
				GCC_WARN_UNUSED_FUNCTION = YES;
				GCC_WARN_UNUSED_VARIABLE = YES;
				IPHONEOS_DEPLOYMENT_TARGET = 14.5;
				MTL_ENABLE_DEBUG_INFO = INCLUDE_SOURCE;
				MTL_FAST_MATH = YES;
				ONLY_ACTIVE_ARCH = YES;
				SDKROOT = iphoneos;
				SWIFT_ACTIVE_COMPILATION_CONDITIONS = DEBUG;
				SWIFT_OPTIMIZATION_LEVEL = "-Onone";
			};
			name = Debug;
		};
		E86EE46926C70D2900439780 /* Release */ = {
			isa = XCBuildConfiguration;
			buildSettings = {
				ALWAYS_SEARCH_USER_PATHS = NO;
				CLANG_ANALYZER_NONNULL = YES;
				CLANG_ANALYZER_NUMBER_OBJECT_CONVERSION = YES_AGGRESSIVE;
				CLANG_CXX_LANGUAGE_STANDARD = "gnu++14";
				CLANG_CXX_LIBRARY = "libc++";
				CLANG_ENABLE_MODULES = YES;
				CLANG_ENABLE_OBJC_ARC = YES;
				CLANG_ENABLE_OBJC_WEAK = YES;
				CLANG_WARN_BLOCK_CAPTURE_AUTORELEASING = YES;
				CLANG_WARN_BOOL_CONVERSION = YES;
				CLANG_WARN_COMMA = YES;
				CLANG_WARN_CONSTANT_CONVERSION = YES;
				CLANG_WARN_DEPRECATED_OBJC_IMPLEMENTATIONS = YES;
				CLANG_WARN_DIRECT_OBJC_ISA_USAGE = YES_ERROR;
				CLANG_WARN_DOCUMENTATION_COMMENTS = YES;
				CLANG_WARN_EMPTY_BODY = YES;
				CLANG_WARN_ENUM_CONVERSION = YES;
				CLANG_WARN_INFINITE_RECURSION = YES;
				CLANG_WARN_INT_CONVERSION = YES;
				CLANG_WARN_NON_LITERAL_NULL_CONVERSION = YES;
				CLANG_WARN_OBJC_IMPLICIT_RETAIN_SELF = YES;
				CLANG_WARN_OBJC_LITERAL_CONVERSION = YES;
				CLANG_WARN_OBJC_ROOT_CLASS = YES_ERROR;
				CLANG_WARN_QUOTED_INCLUDE_IN_FRAMEWORK_HEADER = YES;
				CLANG_WARN_RANGE_LOOP_ANALYSIS = YES;
				CLANG_WARN_STRICT_PROTOTYPES = YES;
				CLANG_WARN_SUSPICIOUS_MOVE = YES;
				CLANG_WARN_UNGUARDED_AVAILABILITY = YES_AGGRESSIVE;
				CLANG_WARN_UNREACHABLE_CODE = YES;
				CLANG_WARN__DUPLICATE_METHOD_MATCH = YES;
				COPY_PHASE_STRIP = NO;
				DEBUG_INFORMATION_FORMAT = "dwarf-with-dsym";
				ENABLE_NS_ASSERTIONS = NO;
				ENABLE_STRICT_OBJC_MSGSEND = YES;
				GCC_C_LANGUAGE_STANDARD = gnu11;
				GCC_NO_COMMON_BLOCKS = YES;
				GCC_WARN_64_TO_32_BIT_CONVERSION = YES;
				GCC_WARN_ABOUT_RETURN_TYPE = YES_ERROR;
				GCC_WARN_UNDECLARED_SELECTOR = YES;
				GCC_WARN_UNINITIALIZED_AUTOS = YES_AGGRESSIVE;
				GCC_WARN_UNUSED_FUNCTION = YES;
				GCC_WARN_UNUSED_VARIABLE = YES;
				IPHONEOS_DEPLOYMENT_TARGET = 14.5;
				MTL_ENABLE_DEBUG_INFO = NO;
				MTL_FAST_MATH = YES;
				SDKROOT = iphoneos;
				SWIFT_COMPILATION_MODE = wholemodule;
				SWIFT_OPTIMIZATION_LEVEL = "-O";
				VALIDATE_PRODUCT = YES;
			};
			name = Release;
		};
		E86EE46B26C70D2900439780 /* Debug */ = {
			isa = XCBuildConfiguration;
			buildSettings = {
				ASSETCATALOG_COMPILER_APPICON_NAME = AppIcon;
				ASSETCATALOG_COMPILER_GLOBAL_ACCENT_COLOR_NAME = AccentColor;
				CODE_SIGN_STYLE = Automatic;
				DEVELOPMENT_TEAM = N5WF5ZGHK4;
				INFOPLIST_FILE = ChallengeProject4/Info.plist;
				LD_RUNPATH_SEARCH_PATHS = (
					"$(inherited)",
					"@executable_path/Frameworks",
				);
				PRODUCT_BUNDLE_IDENTIFIER = br.com.ChallengeProject4;
				PRODUCT_NAME = "$(TARGET_NAME)";
				SWIFT_VERSION = 5.0;
				TARGETED_DEVICE_FAMILY = "1,2";
			};
			name = Debug;
		};
		E86EE46C26C70D2900439780 /* Release */ = {
			isa = XCBuildConfiguration;
			buildSettings = {
				ASSETCATALOG_COMPILER_APPICON_NAME = AppIcon;
				ASSETCATALOG_COMPILER_GLOBAL_ACCENT_COLOR_NAME = AccentColor;
				CODE_SIGN_STYLE = Automatic;
				DEVELOPMENT_TEAM = N5WF5ZGHK4;
				INFOPLIST_FILE = ChallengeProject4/Info.plist;
				LD_RUNPATH_SEARCH_PATHS = (
					"$(inherited)",
					"@executable_path/Frameworks",
				);
				PRODUCT_BUNDLE_IDENTIFIER = br.com.ChallengeProject4;
				PRODUCT_NAME = "$(TARGET_NAME)";
				SWIFT_VERSION = 5.0;
				TARGETED_DEVICE_FAMILY = "1,2";
			};
			name = Release;
		};
/* End XCBuildConfiguration section */

/* Begin XCConfigurationList section */
		E86EE45126C70D2600439780 /* Build configuration list for PBXProject "ChallengeProject4" */ = {
			isa = XCConfigurationList;
			buildConfigurations = (
				E86EE46826C70D2900439780 /* Debug */,
				E86EE46926C70D2900439780 /* Release */,
			);
			defaultConfigurationIsVisible = 0;
			defaultConfigurationName = Release;
		};
		E86EE46A26C70D2900439780 /* Build configuration list for PBXNativeTarget "ChallengeProject4" */ = {
			isa = XCConfigurationList;
			buildConfigurations = (
				E86EE46B26C70D2900439780 /* Debug */,
				E86EE46C26C70D2900439780 /* Release */,
			);
			defaultConfigurationIsVisible = 0;
			defaultConfigurationName = Release;
		};
/* End XCConfigurationList section */
	};
	rootObject = E86EE44E26C70D2600439780 /* Project object */;
}
